
Microsoft Visual Studio Solution File, Format Version 12.00
# Visual Studio 15
VisualStudioVersion = 15.0.28010.2019
MinimumVisualStudioVersion = 10.0.40219.1
Project("{2150E333-8FDC-42A3-9474-1A3956D46DE8}") = "src", "src", "{C518A3C8-1C5F-42FB-98D3-6C91007F5083}"
EndProject
Project("{2150E333-8FDC-42A3-9474-1A3956D46DE8}") = "test", "test", "{2D2D3C87-8A3F-49F0-8068-F395678B32CD}"
EndProject
Project("{9A19103F-16F7-4668-BE54-9A1E7A4F7556}") = "Agile.Data", "src\Agile.Data\Agile.Data.csproj", "{A9E6E4C2-1DCD-498C-B63B-19E50FCAC6ED}"
EndProject
Project("{9A19103F-16F7-4668-BE54-9A1E7A4F7556}") = "Agile.Data.MySql", "src\Agile.Data.MySql\Agile.Data.MySql.csproj", "{1A301289-74ED-429E-BC32-B64390ECA81A}"
EndProject
Project("{9A19103F-16F7-4668-BE54-9A1E7A4F7556}") = "Agile.Data.Oracle", "src\Agile.Data.Oracle\Agile.Data.Oracle.csproj", "{ED7696FE-FD89-4E17-9E4D-0EDA88F8D688}"
EndProject
Project("{9A19103F-16F7-4668-BE54-9A1E7A4F7556}") = "Agile.Data.SqlServer", "src\Agile.Data.SqlServer\Agile.Data.SqlServer.csproj", "{235AE8E0-2E6A-40BF-B388-66D27761483A}"
EndProject
Project("{9A19103F-16F7-4668-BE54-9A1E7A4F7556}") = "XUnitTestOracle", "test\XUnitTestOracle\XUnitTestOracle.csproj", "{D4F2979B-2A96-423F-8461-4B2A85AEBC6B}"
EndProject
Project("{9A19103F-16F7-4668-BE54-9A1E7A4F7556}") = "XUnitTestSqlServer", "test\XUnitTestSqlServer\XUnitTestSqlServer.csproj", "{494BF7AF-0D85-438D-8505-46E84DFCE39B}"
EndProject
Global
	GlobalSection(SolutionConfigurationPlatforms) = preSolution
		Debug|Any CPU = Debug|Any CPU
		Release|Any CPU = Release|Any CPU
	EndGlobalSection
	GlobalSection(ProjectConfigurationPlatforms) = postSolution
		{A9E6E4C2-1DCD-498C-B63B-19E50FCAC6ED}.Debug|Any CPU.ActiveCfg = Debug|Any CPU
		{A9E6E4C2-1DCD-498C-B63B-19E50FCAC6ED}.Debug|Any CPU.Build.0 = Debug|Any CPU
		{A9E6E4C2-1DCD-498C-B63B-19E50FCAC6ED}.Release|Any CPU.ActiveCfg = Release|Any CPU
		{A9E6E4C2-1DCD-498C-B63B-19E50FCAC6ED}.Release|Any CPU.Build.0 = Release|Any CPU
		{1A301289-74ED-429E-BC32-B64390ECA81A}.Debug|Any CPU.ActiveCfg = Debug|Any CPU
		{1A301289-74ED-429E-BC32-B64390ECA81A}.Debug|Any CPU.Build.0 = Debug|Any CPU
		{1A301289-74ED-429E-BC32-B64390ECA81A}.Release|Any CPU.ActiveCfg = Release|Any CPU
		{1A301289-74ED-429E-BC32-B64390ECA81A}.Release|Any CPU.Build.0 = Release|Any CPU
		{ED7696FE-FD89-4E17-9E4D-0EDA88F8D688}.Debug|Any CPU.ActiveCfg = Debug|Any CPU
		{ED7696FE-FD89-4E17-9E4D-0EDA88F8D688}.Debug|Any CPU.Build.0 = Debug|Any CPU
		{ED7696FE-FD89-4E17-9E4D-0EDA88F8D688}.Release|Any CPU.ActiveCfg = Release|Any CPU
		{ED7696FE-FD89-4E17-9E4D-0EDA88F8D688}.Release|Any CPU.Build.0 = Release|Any CPU
		{235AE8E0-2E6A-40BF-B388-66D27761483A}.Debug|Any CPU.ActiveCfg = Debug|Any CPU
		{235AE8E0-2E6A-40BF-B388-66D27761483A}.Debug|Any CPU.Build.0 = Debug|Any CPU
		{235AE8E0-2E6A-40BF-B388-66D27761483A}.Release|Any CPU.ActiveCfg = Release|Any CPU
		{235AE8E0-2E6A-40BF-B388-66D27761483A}.Release|Any CPU.Build.0 = Release|Any CPU
		{D4F2979B-2A96-423F-8461-4B2A85AEBC6B}.Debug|Any CPU.ActiveCfg = Debug|Any CPU
		{D4F2979B-2A96-423F-8461-4B2A85AEBC6B}.Debug|Any CPU.Build.0 = Debug|Any CPU
		{D4F2979B-2A96-423F-8461-4B2A85AEBC6B}.Release|Any CPU.ActiveCfg = Release|Any CPU
		{D4F2979B-2A96-423F-8461-4B2A85AEBC6B}.Release|Any CPU.Build.0 = Release|Any CPU
		{494BF7AF-0D85-438D-8505-46E84DFCE39B}.Debug|Any CPU.ActiveCfg = Debug|Any CPU
		{494BF7AF-0D85-438D-8505-46E84DFCE39B}.Debug|Any CPU.Build.0 = Debug|Any CPU
		{494BF7AF-0D85-438D-8505-46E84DFCE39B}.Release|Any CPU.ActiveCfg = Release|Any CPU
		{494BF7AF-0D85-438D-8505-46E84DFCE39B}.Release|Any CPU.Build.0 = Release|Any CPU
	EndGlobalSection
	GlobalSection(SolutionProperties) = preSolution
		HideSolutionNode = FALSE
	EndGlobalSection
	GlobalSection(NestedProjects) = preSolution
		{A9E6E4C2-1DCD-498C-B63B-19E50FCAC6ED} = {C518A3C8-1C5F-42FB-98D3-6C91007F5083}
		{1A301289-74ED-429E-BC32-B64390ECA81A} = {C518A3C8-1C5F-42FB-98D3-6C91007F5083}
		{ED7696FE-FD89-4E17-9E4D-0EDA88F8D688} = {C518A3C8-1C5F-42FB-98D3-6C91007F5083}
		{235AE8E0-2E6A-40BF-B388-66D27761483A} = {C518A3C8-1C5F-42FB-98D3-6C91007F5083}
		{D4F2979B-2A96-423F-8461-4B2A85AEBC6B} = {2D2D3C87-8A3F-49F0-8068-F395678B32CD}
		{494BF7AF-0D85-438D-8505-46E84DFCE39B} = {2D2D3C87-8A3F-49F0-8068-F395678B32CD}
	EndGlobalSection
	GlobalSection(ExtensibilityGlobals) = postSolution
		SolutionGuid = {0ED84072-C790-466C-A3E1-897447ADF5B4}
	EndGlobalSection
EndGlobal
