
Microsoft Visual Studio Solution File, Format Version 12.00
# Visual Studio Version 16
VisualStudioVersion = 16.0.29020.237
MinimumVisualStudioVersion = 10.0.40219.1
Project("{2150E333-8FDC-42A3-9474-1A3956D46DE8}") = "src", "src", "{C518A3C8-1C5F-42FB-98D3-6C91007F5083}"
EndProject
Project("{2150E333-8FDC-42A3-9474-1A3956D46DE8}") = "test", "test", "{2D2D3C87-8A3F-49F0-8068-F395678B32CD}"
EndProject
Project("{9A19103F-16F7-4668-BE54-9A1E7A4F7556}") = "Agile.Data", "src\Agile.Data\Agile.Data.csproj", "{A9E6E4C2-1DCD-498C-B63B-19E50FCAC6ED}"
EndProject
Project("{9A19103F-16F7-4668-BE54-9A1E7A4F7556}") = "XUnitTestData", "test\XUnitTestData\XUnitTestData.csproj", "{4A6C4094-1B5D-4EE4-9169-CF71BDA0233E}"
EndProject
Global
	GlobalSection(SolutionConfigurationPlatforms) = preSolution
		Debug|Any CPU = Debug|Any CPU
		Release|Any CPU = Release|Any CPU
	EndGlobalSection
	GlobalSection(ProjectConfigurationPlatforms) = postSolution
		{A9E6E4C2-1DCD-498C-B63B-19E50FCAC6ED}.Debug|Any CPU.ActiveCfg = Debug|Any CPU
		{A9E6E4C2-1DCD-498C-B63B-19E50FCAC6ED}.Debug|Any CPU.Build.0 = Debug|Any CPU
		{A9E6E4C2-1DCD-498C-B63B-19E50FCAC6ED}.Release|Any CPU.ActiveCfg = Release|Any CPU
		{A9E6E4C2-1DCD-498C-B63B-19E50FCAC6ED}.Release|Any CPU.Build.0 = Release|Any CPU
		{4A6C4094-1B5D-4EE4-9169-CF71BDA0233E}.Debug|Any CPU.ActiveCfg = Debug|Any CPU
		{4A6C4094-1B5D-4EE4-9169-CF71BDA0233E}.Debug|Any CPU.Build.0 = Debug|Any CPU
		{4A6C4094-1B5D-4EE4-9169-CF71BDA0233E}.Release|Any CPU.ActiveCfg = Release|Any CPU
		{4A6C4094-1B5D-4EE4-9169-CF71BDA0233E}.Release|Any CPU.Build.0 = Release|Any CPU
	EndGlobalSection
	GlobalSection(SolutionProperties) = preSolution
		HideSolutionNode = FALSE
	EndGlobalSection
	GlobalSection(NestedProjects) = preSolution
		{A9E6E4C2-1DCD-498C-B63B-19E50FCAC6ED} = {C518A3C8-1C5F-42FB-98D3-6C91007F5083}
		{4A6C4094-1B5D-4EE4-9169-CF71BDA0233E} = {2D2D3C87-8A3F-49F0-8068-F395678B32CD}
	EndGlobalSection
	GlobalSection(ExtensibilityGlobals) = postSolution
		SolutionGuid = {0ED84072-C790-466C-A3E1-897447ADF5B4}
	EndGlobalSection
EndGlobal
